
Microsoft Visual Studio Solution File, Format Version 12.00
# Visual Studio Version 16
VisualStudioVersion = 16.0.31205.134
MinimumVisualStudioVersion = 10.0.40219.1
Project("{FAE04EC0-301F-11D3-BF4B-00C04F79EFBC}") = "Assignment", "Assignment\Assignment.csproj", "{2A732980-8FD8-4662-A3B9-3C2AF5478C5B}"
EndProject
Global
	GlobalSection(SolutionConfigurationPlatforms) = preSolution
		Debug|Any CPU = Debug|Any CPU
		Release|Any CPU = Release|Any CPU
	EndGlobalSection
	GlobalSection(ProjectConfigurationPlatforms) = postSolution
		{2A732980-8FD8-4662-A3B9-3C2AF5478C5B}.Debug|Any CPU.ActiveCfg = Debug|Any CPU
		{2A732980-8FD8-4662-A3B9-3C2AF5478C5B}.Debug|Any CPU.Build.0 = Debug|Any CPU
		{2A732980-8FD8-4662-A3B9-3C2AF5478C5B}.Release|Any CPU.ActiveCfg = Release|Any CPU
		{2A732980-8FD8-4662-A3B9-3C2AF5478C5B}.Release|Any CPU.Build.0 = Release|Any CPU
	EndGlobalSection
	GlobalSection(SolutionProperties) = preSolution
		HideSolutionNode = FALSE
	EndGlobalSection
	GlobalSection(ExtensibilityGlobals) = postSolution
		SolutionGuid = {68D60E2A-5759-4454-80CE-2095489A43D4}
	EndGlobalSection
EndGlobal
