
Microsoft Visual Studio Solution File, Format Version 12.00
# Visual Studio Version 16
VisualStudioVersion = 16.0.31205.134
MinimumVisualStudioVersion = 10.0.40219.1
Project("{FAE04EC0-301F-11D3-BF4B-00C04F79EFBC}") = "Private", "Private\Private.csproj", "{89431814-03D4-4D20-AAF6-CD474949516F}"
EndProject
Global
	GlobalSection(SolutionConfigurationPlatforms) = preSolution
		Debug|Any CPU = Debug|Any CPU
		Release|Any CPU = Release|Any CPU
	EndGlobalSection
	GlobalSection(ProjectConfigurationPlatforms) = postSolution
		{89431814-03D4-4D20-AAF6-CD474949516F}.Debug|Any CPU.ActiveCfg = Debug|Any CPU
		{89431814-03D4-4D20-AAF6-CD474949516F}.Debug|Any CPU.Build.0 = Debug|Any CPU
		{89431814-03D4-4D20-AAF6-CD474949516F}.Release|Any CPU.ActiveCfg = Release|Any CPU
		{89431814-03D4-4D20-AAF6-CD474949516F}.Release|Any CPU.Build.0 = Release|Any CPU
	EndGlobalSection
	GlobalSection(SolutionProperties) = preSolution
		HideSolutionNode = FALSE
	EndGlobalSection
	GlobalSection(ExtensibilityGlobals) = postSolution
		SolutionGuid = {4CE653F9-6FA8-4F29-BCFD-A1C9B395C7FE}
	EndGlobalSection
EndGlobal
