
Microsoft Visual Studio Solution File, Format Version 12.00
# Visual Studio Version 16
VisualStudioVersion = 16.0.31205.134
MinimumVisualStudioVersion = 10.0.40219.1
Project("{FAE04EC0-301F-11D3-BF4B-00C04F79EFBC}") = "APIPractice", "APIPractice\APIPractice.csproj", "{F7583167-5010-4AFA-8D55-610DE9E98FE1}"
EndProject
Global
	GlobalSection(SolutionConfigurationPlatforms) = preSolution
		Debug|Any CPU = Debug|Any CPU
		Release|Any CPU = Release|Any CPU
	EndGlobalSection
	GlobalSection(ProjectConfigurationPlatforms) = postSolution
		{F7583167-5010-4AFA-8D55-610DE9E98FE1}.Debug|Any CPU.ActiveCfg = Debug|Any CPU
		{F7583167-5010-4AFA-8D55-610DE9E98FE1}.Debug|Any CPU.Build.0 = Debug|Any CPU
		{F7583167-5010-4AFA-8D55-610DE9E98FE1}.Release|Any CPU.ActiveCfg = Release|Any CPU
		{F7583167-5010-4AFA-8D55-610DE9E98FE1}.Release|Any CPU.Build.0 = Release|Any CPU
	EndGlobalSection
	GlobalSection(SolutionProperties) = preSolution
		HideSolutionNode = FALSE
	EndGlobalSection
	GlobalSection(ExtensibilityGlobals) = postSolution
		SolutionGuid = {3BACBD86-E200-4CD5-B025-B36C077D48F2}
	EndGlobalSection
EndGlobal
