
Microsoft Visual Studio Solution File, Format Version 12.00
# Visual Studio Version 16
VisualStudioVersion = 16.0.31205.134
MinimumVisualStudioVersion = 10.0.40219.1
Project("{FAE04EC0-301F-11D3-BF4B-00C04F79EFBC}") = "Assignment5", "Assignment5\Assignment5.csproj", "{8238B59D-52D9-4F49-8A84-38BE11C287CF}"
EndProject
Global
	GlobalSection(SolutionConfigurationPlatforms) = preSolution
		Debug|Any CPU = Debug|Any CPU
		Release|Any CPU = Release|Any CPU
	EndGlobalSection
	GlobalSection(ProjectConfigurationPlatforms) = postSolution
		{8238B59D-52D9-4F49-8A84-38BE11C287CF}.Debug|Any CPU.ActiveCfg = Debug|Any CPU
		{8238B59D-52D9-4F49-8A84-38BE11C287CF}.Debug|Any CPU.Build.0 = Debug|Any CPU
		{8238B59D-52D9-4F49-8A84-38BE11C287CF}.Release|Any CPU.ActiveCfg = Release|Any CPU
		{8238B59D-52D9-4F49-8A84-38BE11C287CF}.Release|Any CPU.Build.0 = Release|Any CPU
	EndGlobalSection
	GlobalSection(SolutionProperties) = preSolution
		HideSolutionNode = FALSE
	EndGlobalSection
	GlobalSection(ExtensibilityGlobals) = postSolution
		SolutionGuid = {1F5AD1AE-5002-4246-B5D3-BF527950E4F2}
	EndGlobalSection
EndGlobal
