
Microsoft Visual Studio Solution File, Format Version 12.00
# Visual Studio Version 16
VisualStudioVersion = 16.0.31205.134
MinimumVisualStudioVersion = 10.0.40219.1
Project("{FAE04EC0-301F-11D3-BF4B-00C04F79EFBC}") = "Public", "Public\Public.csproj", "{DBFEB255-3D8C-4192-804B-ECB435995A33}"
EndProject
Global
	GlobalSection(SolutionConfigurationPlatforms) = preSolution
		Debug|Any CPU = Debug|Any CPU
		Release|Any CPU = Release|Any CPU
	EndGlobalSection
	GlobalSection(ProjectConfigurationPlatforms) = postSolution
		{DBFEB255-3D8C-4192-804B-ECB435995A33}.Debug|Any CPU.ActiveCfg = Debug|Any CPU
		{DBFEB255-3D8C-4192-804B-ECB435995A33}.Debug|Any CPU.Build.0 = Debug|Any CPU
		{DBFEB255-3D8C-4192-804B-ECB435995A33}.Release|Any CPU.ActiveCfg = Release|Any CPU
		{DBFEB255-3D8C-4192-804B-ECB435995A33}.Release|Any CPU.Build.0 = Release|Any CPU
	EndGlobalSection
	GlobalSection(SolutionProperties) = preSolution
		HideSolutionNode = FALSE
	EndGlobalSection
	GlobalSection(ExtensibilityGlobals) = postSolution
		SolutionGuid = {445CC4C5-FA9D-4220-B376-B05EE446833B}
	EndGlobalSection
EndGlobal
